
Microsoft Visual Studio Solution File, Format Version 12.00
# Visual Studio Version 17
VisualStudioVersion = 17.14.36511.14
MinimumVisualStudioVersion = 10.0.40219.1
Project("{FAE04EC0-301F-11D3-BF4B-00C04F79EFBC}") = "K1U2 - Kontaktkatalogen", "K1U2 - Kontaktkatalogen\K1U2 - Kontaktkatalogen.csproj", "{B55B0708-24CD-4BD7-9580-6ABA4D7503AF}"
EndProject
Project("{FAE04EC0-301F-11D3-BF4B-00C04F79EFBC}") = "K1U2 - Kontaktkatalogen.tests", "K1U2 - Kontaktkatalogen.tests\K1U2 - Kontaktkatalogen.tests.csproj", "{1861D0C4-1A45-4BE3-9C38-8A4CC6B332B3}"
EndProject
Global
	GlobalSection(SolutionConfigurationPlatforms) = preSolution
		Debug|Any CPU = Debug|Any CPU
		Release|Any CPU = Release|Any CPU
	EndGlobalSection
	GlobalSection(ProjectConfigurationPlatforms) = postSolution
		{B55B0708-24CD-4BD7-9580-6ABA4D7503AF}.Debug|Any CPU.ActiveCfg = Debug|Any CPU
		{B55B0708-24CD-4BD7-9580-6ABA4D7503AF}.Debug|Any CPU.Build.0 = Debug|Any CPU
		{B55B0708-24CD-4BD7-9580-6ABA4D7503AF}.Release|Any CPU.ActiveCfg = Release|Any CPU
		{B55B0708-24CD-4BD7-9580-6ABA4D7503AF}.Release|Any CPU.Build.0 = Release|Any CPU
		{1861D0C4-1A45-4BE3-9C38-8A4CC6B332B3}.Debug|Any CPU.ActiveCfg = Debug|Any CPU
		{1861D0C4-1A45-4BE3-9C38-8A4CC6B332B3}.Debug|Any CPU.Build.0 = Debug|Any CPU
		{1861D0C4-1A45-4BE3-9C38-8A4CC6B332B3}.Release|Any CPU.ActiveCfg = Release|Any CPU
		{1861D0C4-1A45-4BE3-9C38-8A4CC6B332B3}.Release|Any CPU.Build.0 = Release|Any CPU
	EndGlobalSection
	GlobalSection(SolutionProperties) = preSolution
		HideSolutionNode = FALSE
	EndGlobalSection
	GlobalSection(ExtensibilityGlobals) = postSolution
		SolutionGuid = {26F0AE66-232D-439D-9054-71AC9B3C5EBD}
	EndGlobalSection
EndGlobal
